
Microsoft Visual Studio Solution File, Format Version 12.00
# Visual Studio Version 17
VisualStudioVersion = 17.11.35327.3
MinimumVisualStudioVersion = 10.0.40219.1
Project("{FAE04EC0-301F-11D3-BF4B-00C04F79EFBC}") = "статистика по тексту", "статистика по тексту\статистика по тексту.csproj", "{78C3B040-9473-450C-8052-0B12ECF41379}"
EndProject
Global
	GlobalSection(SolutionConfigurationPlatforms) = preSolution
		Debug|Any CPU = Debug|Any CPU
		Release|Any CPU = Release|Any CPU
	EndGlobalSection
	GlobalSection(ProjectConfigurationPlatforms) = postSolution
		{78C3B040-9473-450C-8052-0B12ECF41379}.Debug|Any CPU.ActiveCfg = Debug|Any CPU
		{78C3B040-9473-450C-8052-0B12ECF41379}.Debug|Any CPU.Build.0 = Debug|Any CPU
		{78C3B040-9473-450C-8052-0B12ECF41379}.Release|Any CPU.ActiveCfg = Release|Any CPU
		{78C3B040-9473-450C-8052-0B12ECF41379}.Release|Any CPU.Build.0 = Release|Any CPU
	EndGlobalSection
	GlobalSection(SolutionProperties) = preSolution
		HideSolutionNode = FALSE
	EndGlobalSection
	GlobalSection(ExtensibilityGlobals) = postSolution
		SolutionGuid = {06AB066C-151B-452D-AB60-3A88728A920C}
	EndGlobalSection
EndGlobal
